// !$*UTF8*$!
{
	archiveVersion = 1;
	classes = {
	};
	objectVersion = 46;
	objects = {

/* Begin PBXBuildFile section */
		06BBA0F71B75E06F002BC34F /* ItemList.swift in Sources */ = {isa = PBXBuildFile; fileRef = 06BBA0F61B75E06F002BC34F /* ItemList.swift */; };
		06E940991B750E3500235871 /* AppDelegate.swift in Sources */ = {isa = PBXBuildFile; fileRef = 06E940981B750E3500235871 /* AppDelegate.swift */; };
		06E9409B1B750E3500235871 /* MasterViewController.swift in Sources */ = {isa = PBXBuildFile; fileRef = 06E9409A1B750E3500235871 /* MasterViewController.swift */; };
		06E9409D1B750E3500235871 /* DetailViewController.swift in Sources */ = {isa = PBXBuildFile; fileRef = 06E9409C1B750E3500235871 /* DetailViewController.swift */; };
		06E940A01B750E3500235871 /* Main.storyboard in Resources */ = {isa = PBXBuildFile; fileRef = 06E9409E1B750E3500235871 /* Main.storyboard */; };
		06E940A21B750E3500235871 /* Images.xcassets in Resources */ = {isa = PBXBuildFile; fileRef = 06E940A11B750E3500235871 /* Images.xcassets */; };
		06E940A51B750E3500235871 /* LaunchScreen.xib in Resources */ = {isa = PBXBuildFile; fileRef = 06E940A31B750E3500235871 /* LaunchScreen.xib */; };
		06E940B11B750E3600235871 /* _stAppTests.swift in Sources */ = {isa = PBXBuildFile; fileRef = 06E940B01B750E3600235871 /* _stAppTests.swift */; };
		06FF13941B764C410005A026 /* Item.json in Resources */ = {isa = PBXBuildFile; fileRef = 06FF13931B764C410005A026 /* Item.json */; };
/* End PBXBuildFile section */

/* Begin PBXContainerItemProxy section */
		06E940AB1B750E3600235871 /* PBXContainerItemProxy */ = {
			isa = PBXContainerItemProxy;
			containerPortal = 06E9408B1B750E3500235871 /* Project object */;
			proxyType = 1;
			remoteGlobalIDString = 06E940921B750E3500235871;
			remoteInfo = 1stApp;
		};
/* End PBXContainerItemProxy section */

/* Begin PBXFileReference section */
		06BBA0F61B75E06F002BC34F /* ItemList.swift */ = {isa = PBXFileReference; fileEncoding = 4; lastKnownFileType = sourcecode.swift; path = ItemList.swift; sourceTree = "<group>"; };
		06E940931B750E3500235871 /* 1stApp.app */ = {isa = PBXFileReference; explicitFileType = wrapper.application; includeInIndex = 0; path = 1stApp.app; sourceTree = BUILT_PRODUCTS_DIR; };
		06E940971B750E3500235871 /* Info.plist */ = {isa = PBXFileReference; lastKnownFileType = text.plist.xml; path = Info.plist; sourceTree = "<group>"; };
		06E940981B750E3500235871 /* AppDelegate.swift */ = {isa = PBXFileReference; lastKnownFileType = sourcecode.swift; path = AppDelegate.swift; sourceTree = "<group>"; };
		06E9409A1B750E3500235871 /* MasterViewController.swift */ = {isa = PBXFileReference; lastKnownFileType = sourcecode.swift; path = MasterViewController.swift; sourceTree = "<group>"; };
		06E9409C1B750E3500235871 /* DetailViewController.swift */ = {isa = PBXFileReference; lastKnownFileType = sourcecode.swift; path = DetailViewController.swift; sourceTree = "<group>"; };
		06E9409F1B750E3500235871 /* Base */ = {isa = PBXFileReference; lastKnownFileType = file.storyboard; name = Base; path = Base.lproj/Main.storyboard; sourceTree = "<group>"; };
		06E940A11B750E3500235871 /* Images.xcassets */ = {isa = PBXFileReference; lastKnownFileType = folder.assetcatalog; path = Images.xcassets; sourceTree = "<group>"; };
		06E940A41B750E3500235871 /* Base */ = {isa = PBXFileReference; lastKnownFileType = file.xib; name = Base; path = Base.lproj/LaunchScreen.xib; sourceTree = "<group>"; };
		06E940AA1B750E3600235871 /* 1stAppTests.xctest */ = {isa = PBXFileReference; explicitFileType = wrapper.cfbundle; includeInIndex = 0; path = 1stAppTests.xctest; sourceTree = BUILT_PRODUCTS_DIR; };
		06E940AF1B750E3600235871 /* Info.plist */ = {isa = PBXFileReference; lastKnownFileType = text.plist.xml; path = Info.plist; sourceTree = "<group>"; };
		06E940B01B750E3600235871 /* _stAppTests.swift */ = {isa = PBXFileReference; lastKnownFileType = sourcecode.swift; path = _stAppTests.swift; sourceTree = "<group>"; };
		06FF13931B764C410005A026 /* Item.json */ = {isa = PBXFileReference; fileEncoding = 4; lastKnownFileType = text.json; path = Item.json; sourceTree = "<group>"; };
/* End PBXFileReference section */

/* Begin PBXFrameworksBuildPhase section */
		06E940901B750E3500235871 /* Frameworks */ = {
			isa = PBXFrameworksBuildPhase;
			buildActionMask = 2147483647;
			files = (
			);
			runOnlyForDeploymentPostprocessing = 0;
		};
		06E940A71B750E3600235871 /* Frameworks */ = {
			isa = PBXFrameworksBuildPhase;
			buildActionMask = 2147483647;
			files = (
			);
			runOnlyForDeploymentPostprocessing = 0;
		};
/* End PBXFrameworksBuildPhase section */

/* Begin PBXGroup section */
		06E9408A1B750E3500235871 = {
			isa = PBXGroup;
			children = (
				06E940951B750E3500235871 /* 1stApp */,
				06E940AD1B750E3600235871 /* 1stAppTests */,
				06E940941B750E3500235871 /* Products */,
			);
			sourceTree = "<group>";
		};
		06E940941B750E3500235871 /* Products */ = {
			isa = PBXGroup;
			children = (
				06E940931B750E3500235871 /* 1stApp.app */,
				06E940AA1B750E3600235871 /* 1stAppTests.xctest */,
			);
			name = Products;
			sourceTree = "<group>";
		};
		06E940951B750E3500235871 /* 1stApp */ = {
			isa = PBXGroup;
			children = (
				06E940981B750E3500235871 /* AppDelegate.swift */,
				06E9409A1B750E3500235871 /* MasterViewController.swift */,
				06E9409C1B750E3500235871 /* DetailViewController.swift */,
				06E9409E1B750E3500235871 /* Main.storyboard */,
				06BBA0F61B75E06F002BC34F /* ItemList.swift */,
				06E940A11B750E3500235871 /* Images.xcassets */,
				06E940A31B750E3500235871 /* LaunchScreen.xib */,
				06E940961B750E3500235871 /* Supporting Files */,
			);
			path = 1stApp;
			sourceTree = "<group>";
		};
		06E940961B750E3500235871 /* Supporting Files */ = {
			isa = PBXGroup;
			children = (
				06FF13931B764C410005A026 /* Item.json */,
				06E940971B750E3500235871 /* Info.plist */,
			);
			name = "Supporting Files";
			sourceTree = "<group>";
		};
		06E940AD1B750E3600235871 /* 1stAppTests */ = {
			isa = PBXGroup;
			children = (
				06E940B01B750E3600235871 /* _stAppTests.swift */,
				06E940AE1B750E3600235871 /* Supporting Files */,
			);
			path = 1stAppTests;
			sourceTree = "<group>";
		};
		06E940AE1B750E3600235871 /* Supporting Files */ = {
			isa = PBXGroup;
			children = (
				06E940AF1B750E3600235871 /* Info.plist */,
			);
			name = "Supporting Files";
			sourceTree = "<group>";
		};
/* End PBXGroup section */

/* Begin PBXNativeTarget section */
		06E940921B750E3500235871 /* 1stApp */ = {
			isa = PBXNativeTarget;
			buildConfigurationList = 06E940B41B750E3600235871 /* Build configuration list for PBXNativeTarget "1stApp" */;
			buildPhases = (
				06E9408F1B750E3500235871 /* Sources */,
				06E940901B750E3500235871 /* Frameworks */,
				06E940911B750E3500235871 /* Resources */,
			);
			buildRules = (
			);
			dependencies = (
			);
			name = 1stApp;
			productName = 1stApp;
			productReference = 06E940931B750E3500235871 /* 1stApp.app */;
			productType = "com.apple.product-type.application";
		};
		06E940A91B750E3600235871 /* 1stAppTests */ = {
			isa = PBXNativeTarget;
			buildConfigurationList = 06E940B71B750E3600235871 /* Build configuration list for PBXNativeTarget "1stAppTests" */;
			buildPhases = (
				06E940A61B750E3600235871 /* Sources */,
				06E940A71B750E3600235871 /* Frameworks */,
				06E940A81B750E3600235871 /* Resources */,
			);
			buildRules = (
			);
			dependencies = (
				06E940AC1B750E3600235871 /* PBXTargetDependency */,
			);
			name = 1stAppTests;
			productName = 1stAppTests;
			productReference = 06E940AA1B750E3600235871 /* 1stAppTests.xctest */;
			productType = "com.apple.product-type.bundle.unit-test";
		};
/* End PBXNativeTarget section */

/* Begin PBXProject section */
		06E9408B1B750E3500235871 /* Project object */ = {
			isa = PBXProject;
			attributes = {
				LastUpgradeCheck = 0640;
				ORGANIZATIONNAME = "Jason Xi";
				TargetAttributes = {
					06E940921B750E3500235871 = {
						CreatedOnToolsVersion = 6.4;
					};
					06E940A91B750E3600235871 = {
						CreatedOnToolsVersion = 6.4;
						TestTargetID = 06E940921B750E3500235871;
					};
				};
			};
			buildConfigurationList = 06E9408E1B750E3500235871 /* Build configuration list for PBXProject "1stApp" */;
			compatibilityVersion = "Xcode 3.2";
			developmentRegion = English;
			hasScannedForEncodings = 0;
			knownRegions = (
				en,
				Base,
			);
			mainGroup = 06E9408A1B750E3500235871;
			productRefGroup = 06E940941B750E3500235871 /* Products */;
			projectDirPath = "";
			projectRoot = "";
			targets = (
				06E940921B750E3500235871 /* 1stApp */,
				06E940A91B750E3600235871 /* 1stAppTests */,
			);
		};
/* End PBXProject section */

/* Begin PBXResourcesBuildPhase section */
		06E940911B750E3500235871 /* Resources */ = {
			isa = PBXResourcesBuildPhase;
			buildActionMask = 2147483647;
			files = (
				06FF13941B764C410005A026 /* Item.json in Resources */,
				06E940A01B750E3500235871 /* Main.storyboard in Resources */,
				06E940A51B750E3500235871 /* LaunchScreen.xib in Resources */,
				06E940A21B750E3500235871 /* Images.xcassets in Resources */,
			);
			runOnlyForDeploymentPostprocessing = 0;
		};
		06E940A81B750E3600235871 /* Resources */ = {
			isa = PBXResourcesBuildPhase;
			buildActionMask = 2147483647;
			files = (
			);
			runOnlyForDeploymentPostprocessing = 0;
		};
/* End PBXResourcesBuildPhase section */

/* Begin PBXSourcesBuildPhase section */
		06E9408F1B750E3500235871 /* Sources */ = {
			isa = PBXSourcesBuildPhase;
			buildActionMask = 2147483647;
			files = (
				06BBA0F71B75E06F002BC34F /* ItemList.swift in Sources */,
				06E9409D1B750E3500235871 /* DetailViewController.swift in Sources */,
				06E9409B1B750E3500235871 /* MasterViewController.swift in Sources */,
				06E940991B750E3500235871 /* AppDelegate.swift in Sources */,
			);
			runOnlyForDeploymentPostprocessing = 0;
		};
		06E940A61B750E3600235871 /* Sources */ = {
			isa = PBXSourcesBuildPhase;
			buildActionMask = 2147483647;
			files = (
				06E940B11B750E3600235871 /* _stAppTests.swift in Sources */,
			);
			runOnlyForDeploymentPostprocessing = 0;
		};
/* End PBXSourcesBuildPhase section */

/* Begin PBXTargetDependency section */
		06E940AC1B750E3600235871 /* PBXTargetDependency */ = {
			isa = PBXTargetDependency;
			target = 06E940921B750E3500235871 /* 1stApp */;
			targetProxy = 06E940AB1B750E3600235871 /* PBXContainerItemProxy */;
		};
/* End PBXTargetDependency section */

/* Begin PBXVariantGroup section */
		06E9409E1B750E3500235871 /* Main.storyboard */ = {
			isa = PBXVariantGroup;
			children = (
				06E9409F1B750E3500235871 /* Base */,
			);
			name = Main.storyboard;
			sourceTree = "<group>";
		};
		06E940A31B750E3500235871 /* LaunchScreen.xib */ = {
			isa = PBXVariantGroup;
			children = (
				06E940A41B750E3500235871 /* Base */,
			);
			name = LaunchScreen.xib;
			sourceTree = "<group>";
		};
/* End PBXVariantGroup section */

/* Begin XCBuildConfiguration section */
		06E940B21B750E3600235871 /* Debug */ = {
			isa = XCBuildConfiguration;
			buildSettings = {
				ALWAYS_SEARCH_USER_PATHS = NO;
				CLANG_CXX_LANGUAGE_STANDARD = "gnu++0x";
				CLANG_CXX_LIBRARY = "libc++";
				CLANG_ENABLE_MODULES = YES;
				CLANG_ENABLE_OBJC_ARC = YES;
				CLANG_WARN_BOOL_CONVERSION = YES;
				CLANG_WARN_CONSTANT_CONVERSION = YES;
				CLANG_WARN_DIRECT_OBJC_ISA_USAGE = YES_ERROR;
				CLANG_WARN_EMPTY_BODY = YES;
				CLANG_WARN_ENUM_CONVERSION = YES;
				CLANG_WARN_INT_CONVERSION = YES;
				CLANG_WARN_OBJC_ROOT_CLASS = YES_ERROR;
				CLANG_WARN_UNREACHABLE_CODE = YES;
				CLANG_WARN__DUPLICATE_METHOD_MATCH = YES;
				"CODE_SIGN_IDENTITY[sdk=iphoneos*]" = "iPhone Developer";
				COPY_PHASE_STRIP = NO;
				DEBUG_INFORMATION_FORMAT = "dwarf-with-dsym";
				ENABLE_STRICT_OBJC_MSGSEND = YES;
				GCC_C_LANGUAGE_STANDARD = gnu99;
				GCC_DYNAMIC_NO_PIC = NO;
				GCC_NO_COMMON_BLOCKS = YES;
				GCC_OPTIMIZATION_LEVEL = 0;
				GCC_PREPROCESSOR_DEFINITIONS = (
					"DEBUG=1",
					"$(inherited)",
				);
				GCC_SYMBOLS_PRIVATE_EXTERN = NO;
				GCC_WARN_64_TO_32_BIT_CONVERSION = YES;
				GCC_WARN_ABOUT_RETURN_TYPE = YES_ERROR;
				GCC_WARN_UNDECLARED_SELECTOR = YES;
				GCC_WARN_UNINITIALIZED_AUTOS = YES_AGGRESSIVE;
				GCC_WARN_UNUSED_FUNCTION = YES;
				GCC_WARN_UNUSED_VARIABLE = YES;
				IPHONEOS_DEPLOYMENT_TARGET = 8.4;
				MTL_ENABLE_DEBUG_INFO = YES;
				ONLY_ACTIVE_ARCH = YES;
				SDKROOT = iphoneos;
				SWIFT_OPTIMIZATION_LEVEL = "-Onone";
				TARGETED_DEVICE_FAMILY = "1,2";
			};
			name = Debug;
		};
		06E940B31B750E3600235871 /* Release */ = {
			isa = XCBuildConfiguration;
			buildSettings = {
				ALWAYS_SEARCH_USER_PATHS = NO;
				CLANG_CXX_LANGUAGE_STANDARD = "gnu++0x";
				CLANG_CXX_LIBRARY = "libc++";
				CLANG_ENABLE_MODULES = YES;
				CLANG_ENABLE_OBJC_ARC = YES;
				CLANG_WARN_BOOL_CONVERSION = YES;
				CLANG_WARN_CONSTANT_CONVERSION = YES;
				CLANG_WARN_DIRECT_OBJC_ISA_USAGE = YES_ERROR;
				CLANG_WARN_EMPTY_BODY = YES;
				CLANG_WARN_ENUM_CONVERSION = YES;
				CLANG_WARN_INT_CONVERSION = YES;
				CLANG_WARN_OBJC_ROOT_CLASS = YES_ERROR;
				CLANG_WARN_UNREACHABLE_CODE = YES;
				CLANG_WARN__DUPLICATE_METHOD_MATCH = YES;
				"CODE_SIGN_IDENTITY[sdk=iphoneos*]" = "iPhone Developer";
				COPY_PHASE_STRIP = NO;
				DEBUG_INFORMATION_FORMAT = "dwarf-with-dsym";
				ENABLE_NS_ASSERTIONS = NO;
				ENABLE_STRICT_OBJC_MSGSEND = YES;
				GCC_C_LANGUAGE_STANDARD = gnu99;
				GCC_NO_COMMON_BLOCKS = YES;
				GCC_WARN_64_TO_32_BIT_CONVERSION = YES;
				GCC_WARN_ABOUT_RETURN_TYPE = YES_ERROR;
				GCC_WARN_UNDECLARED_SELECTOR = YES;
				GCC_WARN_UNINITIALIZED_AUTOS = YES_AGGRESSIVE;
				GCC_WARN_UNUSED_FUNCTION = YES;
				GCC_WARN_UNUSED_VARIABLE = YES;
				IPHONEOS_DEPLOYMENT_TARGET = 8.4;
				MTL_ENABLE_DEBUG_INFO = NO;
				SDKROOT = iphoneos;
				TARGETED_DEVICE_FAMILY = "1,2";
				VALIDATE_PRODUCT = YES;
			};
			name = Release;
		};
		06E940B51B750E3600235871 /* Debug */ = {
			isa = XCBuildConfiguration;
			buildSettings = {
				ASSETCATALOG_COMPILER_APPICON_NAME = AppIcon;
				INFOPLIST_FILE = 1stApp/Info.plist;
				LD_RUNPATH_SEARCH_PATHS = "$(inherited) @executable_path/Frameworks";
				PRODUCT_NAME = "$(TARGET_NAME)";
			};
			name = Debug;
		};
		06E940B61B750E3600235871 /* Release */ = {
			isa = XCBuildConfiguration;
			buildSettings = {
				ASSETCATALOG_COMPILER_APPICON_NAME = AppIcon;
				INFOPLIST_FILE = 1stApp/Info.plist;
				LD_RUNPATH_SEARCH_PATHS = "$(inherited) @executable_path/Frameworks";
				PRODUCT_NAME = "$(TARGET_NAME)";
			};
			name = Release;
		};
		06E940B81B750E3600235871 /* Debug */ = {
			isa = XCBuildConfiguration;
			buildSettings = {
				BUNDLE_LOADER = "$(TEST_HOST)";
				FRAMEWORK_SEARCH_PATHS = (
					"$(SDKROOT)/Developer/Library/Frameworks",
					"$(inherited)",
				);
				GCC_PREPROCESSOR_DEFINITIONS = (
					"DEBUG=1",
					"$(inherited)",
				);
				INFOPLIST_FILE = 1stAppTests/Info.plist;
				LD_RUNPATH_SEARCH_PATHS = "$(inherited) @executable_path/Frameworks @loader_path/Frameworks";
				PRODUCT_NAME = "$(TARGET_NAME)";
				TEST_HOST = "$(BUILT_PRODUCTS_DIR)/1stApp.app/1stApp";
			};
			name = Debug;
		};
		06E940B91B750E3600235871 /* Release */ = {
			isa = XCBuildConfiguration;
			buildSettings = {
				BUNDLE_LOADER = "$(TEST_HOST)";
				FRAMEWORK_SEARCH_PATHS = (
					"$(SDKROOT)/Developer/Library/Frameworks",
					"$(inherited)",
				);
				INFOPLIST_FILE = 1stAppTests/Info.plist;
				LD_RUNPATH_SEARCH_PATHS = "$(inherited) @executable_path/Frameworks @loader_path/Frameworks";
				PRODUCT_NAME = "$(TARGET_NAME)";
				TEST_HOST = "$(BUILT_PRODUCTS_DIR)/1stApp.app/1stApp";
			};
			name = Release;
		};
/* End XCBuildConfiguration section */

/* Begin XCConfigurationList section */
		06E9408E1B750E3500235871 /* Build configuration list for PBXProject "1stApp" */ = {
			isa = XCConfigurationList;
			buildConfigurations = (
				06E940B21B750E3600235871 /* Debug */,
				06E940B31B750E3600235871 /* Release */,
			);
			defaultConfigurationIsVisible = 0;
			defaultConfigurationName = Release;
		};
		06E940B41B750E3600235871 /* Build configuration list for PBXNativeTarget "1stApp" */ = {
			isa = XCConfigurationList;
			buildConfigurations = (
				06E940B51B750E3600235871 /* Debug */,
				06E940B61B750E3600235871 /* Release */,
			);
			defaultConfigurationIsVisible = 0;
			defaultConfigurationName = Release;
		};
		06E940B71B750E3600235871 /* Build configuration list for PBXNativeTarget "1stAppTests" */ = {
			isa = XCConfigurationList;
			buildConfigurations = (
				06E940B81B750E3600235871 /* Debug */,
				06E940B91B750E3600235871 /* Release */,
			);
			defaultConfigurationIsVisible = 0;
			defaultConfigurationName = Release;
		};
/* End XCConfigurationList section */
	};
	rootObject = 06E9408B1B750E3500235871 /* Project object */;
}
